
Microsoft Visual Studio Solution File, Format Version 12.00
# Visual Studio Version 16
VisualStudioVersion = 16.0.28516.95
MinimumVisualStudioVersion = 10.0.40219.1
Project("{FAE04EC0-301F-11D3-BF4B-00C04F79EFBC}") = "ConsoleBlogApp_EF", "Console_EF2_Core\ConsoleBlogApp_EF.csproj", "{1460244C-EA90-4543-B3F7-EADDABF241C7}"
EndProject
Global
	GlobalSection(SolutionConfigurationPlatforms) = preSolution
		Debug|Any CPU = Debug|Any CPU
		Release|Any CPU = Release|Any CPU
	EndGlobalSection
	GlobalSection(ProjectConfigurationPlatforms) = postSolution
		{1460244C-EA90-4543-B3F7-EADDABF241C7}.Debug|Any CPU.ActiveCfg = Debug|Any CPU
		{1460244C-EA90-4543-B3F7-EADDABF241C7}.Debug|Any CPU.Build.0 = Debug|Any CPU
		{1460244C-EA90-4543-B3F7-EADDABF241C7}.Release|Any CPU.ActiveCfg = Release|Any CPU
		{1460244C-EA90-4543-B3F7-EADDABF241C7}.Release|Any CPU.Build.0 = Release|Any CPU
	EndGlobalSection
	GlobalSection(SolutionProperties) = preSolution
		HideSolutionNode = FALSE
	EndGlobalSection
	GlobalSection(ExtensibilityGlobals) = postSolution
		SolutionGuid = {C1A4AE5F-5496-4DD0-AB6F-124A1BD34CF5}
	EndGlobalSection
EndGlobal
